{
  "name": "node-test",
  "version": "1.0.0",
  "lockfileVersion": 3,
  "requires": true,
  "packages": {
    "": {
      "name": "node-test",
      "version": "1.0.0",
      "license": "ISC",
      "dependencies": {
        "@kelias1/ajs": "^1.0.0"
      }
    },
    "node_modules/@kelias1/ajs": {
      "version": "1.0.0",
      "resolved": "https://npm.pkg.github.com/download/@kelias1/ajs/1.0.0/dcdffb2bf96b1170834ceff6b61b4e2c7cd9b88c",
      "integrity": "sha512-hgt5UeKfH9vn926p/cCwRYC8TN+zV+iJ00vjHIoLEYamOrV1MxcYp7ybRDkqW+nAxEBUGx4wTdH7aR+N1eTg0g==",
      "license": "ISC"
    }
  }
}
